
Microsoft Visual Studio Solution File, Format Version 12.00
# Visual Studio Version 16
VisualStudioVersion = 16.0.31515.178
MinimumVisualStudioVersion = 10.0.40219.1
Project("{888888A0-9F3D-457C-B088-3A5042F75D52}") = "TemperatureConversion", "TemperatureConversion.pyproj", "{A6D57A46-B042-4426-AC12-FB2035F71724}"
EndProject
Global
	GlobalSection(SolutionConfigurationPlatforms) = preSolution
		Debug|Any CPU = Debug|Any CPU
		Release|Any CPU = Release|Any CPU
	EndGlobalSection
	GlobalSection(ProjectConfigurationPlatforms) = postSolution
		{A6D57A46-B042-4426-AC12-FB2035F71724}.Debug|Any CPU.ActiveCfg = Debug|Any CPU
		{A6D57A46-B042-4426-AC12-FB2035F71724}.Release|Any CPU.ActiveCfg = Release|Any CPU
	EndGlobalSection
	GlobalSection(SolutionProperties) = preSolution
		HideSolutionNode = FALSE
	EndGlobalSection
	GlobalSection(ExtensibilityGlobals) = postSolution
		SolutionGuid = {95C492A1-519E-4CF0-8159-3D3EDDCE0477}
	EndGlobalSection
EndGlobal
